
Microsoft Visual Studio Solution File, Format Version 12.00
# Visual Studio Version 17
Project("{2150E333-8FDC-42A3-9474-1A3956D46DE8}") = "CMakePredefinedTargets", "CMakePredefinedTargets", "{0D394163-23E9-3D8E-B419-9793A28EC60F}"
EndProject
Project("{2150E333-8FDC-42A3-9474-1A3956D46DE8}") = "GLFW3", "GLFW3", "{E6599E5B-F3F7-3656-A022-A04A47CA1C42}"
EndProject
Project("{8BC9CEB8-8B4A-11D0-8D11-00A0C91BC942}") = "ALL_BUILD", "ALL_BUILD.vcxproj", "{19FC89E1-D2A9-3F47-B5B2-E484F08364D8}"
	ProjectSection(ProjectDependencies) = postProject
		{70EC1840-D2CB-340C-8F50-BC6ACB81888B} = {70EC1840-D2CB-340C-8F50-BC6ACB81888B}
		{AA58325F-2B32-3B09-A935-614D63BF1298} = {AA58325F-2B32-3B09-A935-614D63BF1298}
		{D29292B2-00AB-3578-ADD4-7B15375119BE} = {D29292B2-00AB-3578-ADD4-7B15375119BE}
		{83891FAE-C1C9-3EA9-BB80-49C8A82050E2} = {83891FAE-C1C9-3EA9-BB80-49C8A82050E2}
		{D53E2094-C3A2-3EAE-81ED-108BDA777B4C} = {D53E2094-C3A2-3EAE-81ED-108BDA777B4C}
		{DA41D03C-1AA3-3521-8E63-03E11055C04B} = {DA41D03C-1AA3-3521-8E63-03E11055C04B}
		{E37690F9-B97E-33A1-98EB-55CB656DF179} = {E37690F9-B97E-33A1-98EB-55CB656DF179}
		{2914ADF8-0A93-3B3E-8972-901A83A63DA8} = {2914ADF8-0A93-3B3E-8972-901A83A63DA8}
		{0D41CB02-899C-3C6F-B9E5-229C593D0D5D} = {0D41CB02-899C-3C6F-B9E5-229C593D0D5D}
		{C370D36C-0B13-331E-A98C-0545FAF78843} = {C370D36C-0B13-331E-A98C-0545FAF78843}
		{40651DB7-42EF-360D-B6C5-9548748A177A} = {40651DB7-42EF-360D-B6C5-9548748A177A}
	EndProjectSection
EndProject
Project("{8BC9CEB8-8B4A-11D0-8D11-00A0C91BC942}") = "INSTALL", "INSTALL.vcxproj", "{550230C6-953B-3297-9271-080E7650A766}"
	ProjectSection(ProjectDependencies) = postProject
		{19FC89E1-D2A9-3F47-B5B2-E484F08364D8} = {19FC89E1-D2A9-3F47-B5B2-E484F08364D8}
		{C370D36C-0B13-331E-A98C-0545FAF78843} = {C370D36C-0B13-331E-A98C-0545FAF78843}
	EndProjectSection
EndProject
Project("{8BC9CEB8-8B4A-11D0-8D11-00A0C91BC942}") = "Sample1", "Sample 1 - Render to PNG\Sample1.vcxproj", "{70EC1840-D2CB-340C-8F50-BC6ACB81888B}"
	ProjectSection(ProjectDependencies) = postProject
		{C370D36C-0B13-331E-A98C-0545FAF78843} = {C370D36C-0B13-331E-A98C-0545FAF78843}
	EndProjectSection
EndProject
Project("{8BC9CEB8-8B4A-11D0-8D11-00A0C91BC942}") = "Sample2", "Sample 2 - Basic App\Sample2.vcxproj", "{AA58325F-2B32-3B09-A935-614D63BF1298}"
	ProjectSection(ProjectDependencies) = postProject
		{C370D36C-0B13-331E-A98C-0545FAF78843} = {C370D36C-0B13-331E-A98C-0545FAF78843}
	EndProjectSection
EndProject
Project("{8BC9CEB8-8B4A-11D0-8D11-00A0C91BC942}") = "Sample3", "Sample 3 - Resizable App\Sample3.vcxproj", "{D29292B2-00AB-3578-ADD4-7B15375119BE}"
	ProjectSection(ProjectDependencies) = postProject
		{C370D36C-0B13-331E-A98C-0545FAF78843} = {C370D36C-0B13-331E-A98C-0545FAF78843}
	EndProjectSection
EndProject
Project("{8BC9CEB8-8B4A-11D0-8D11-00A0C91BC942}") = "Sample4", "Sample 4 - JavaScript\Sample4.vcxproj", "{83891FAE-C1C9-3EA9-BB80-49C8A82050E2}"
	ProjectSection(ProjectDependencies) = postProject
		{C370D36C-0B13-331E-A98C-0545FAF78843} = {C370D36C-0B13-331E-A98C-0545FAF78843}
	EndProjectSection
EndProject
Project("{8BC9CEB8-8B4A-11D0-8D11-00A0C91BC942}") = "Sample5", "Sample 5 - File Loading\Sample5.vcxproj", "{D53E2094-C3A2-3EAE-81ED-108BDA777B4C}"
	ProjectSection(ProjectDependencies) = postProject
		{C370D36C-0B13-331E-A98C-0545FAF78843} = {C370D36C-0B13-331E-A98C-0545FAF78843}
	EndProjectSection
EndProject
Project("{8BC9CEB8-8B4A-11D0-8D11-00A0C91BC942}") = "Sample6", "Sample 6 - Intro to C API\Sample6.vcxproj", "{DA41D03C-1AA3-3521-8E63-03E11055C04B}"
	ProjectSection(ProjectDependencies) = postProject
		{C370D36C-0B13-331E-A98C-0545FAF78843} = {C370D36C-0B13-331E-A98C-0545FAF78843}
	EndProjectSection
EndProject
Project("{8BC9CEB8-8B4A-11D0-8D11-00A0C91BC942}") = "Sample7", "Sample 7 - OpenGL Integration\Sample7.vcxproj", "{E37690F9-B97E-33A1-98EB-55CB656DF179}"
	ProjectSection(ProjectDependencies) = postProject
		{C370D36C-0B13-331E-A98C-0545FAF78843} = {C370D36C-0B13-331E-A98C-0545FAF78843}
		{40651DB7-42EF-360D-B6C5-9548748A177A} = {40651DB7-42EF-360D-B6C5-9548748A177A}
	EndProjectSection
EndProject
Project("{8BC9CEB8-8B4A-11D0-8D11-00A0C91BC942}") = "Sample8", "Sample 8 - Web Browser\Sample8.vcxproj", "{2914ADF8-0A93-3B3E-8972-901A83A63DA8}"
	ProjectSection(ProjectDependencies) = postProject
		{C370D36C-0B13-331E-A98C-0545FAF78843} = {C370D36C-0B13-331E-A98C-0545FAF78843}
	EndProjectSection
EndProject
Project("{8BC9CEB8-8B4A-11D0-8D11-00A0C91BC942}") = "Sample9", "Sample 9 - Multi Window\Sample9.vcxproj", "{0D41CB02-899C-3C6F-B9E5-229C593D0D5D}"
	ProjectSection(ProjectDependencies) = postProject
		{C370D36C-0B13-331E-A98C-0545FAF78843} = {C370D36C-0B13-331E-A98C-0545FAF78843}
	EndProjectSection
EndProject
Project("{8BC9CEB8-8B4A-11D0-8D11-00A0C91BC942}") = "ZERO_CHECK", "ZERO_CHECK.vcxproj", "{C370D36C-0B13-331E-A98C-0545FAF78843}"
	ProjectSection(ProjectDependencies) = postProject
	EndProjectSection
EndProject
Project("{8BC9CEB8-8B4A-11D0-8D11-00A0C91BC942}") = "glfw", "Sample 7 - OpenGL Integration\glfw\src\glfw.vcxproj", "{40651DB7-42EF-360D-B6C5-9548748A177A}"
	ProjectSection(ProjectDependencies) = postProject
		{C370D36C-0B13-331E-A98C-0545FAF78843} = {C370D36C-0B13-331E-A98C-0545FAF78843}
	EndProjectSection
EndProject
Global
	GlobalSection(SolutionConfigurationPlatforms) = preSolution
		Debug|x64 = Debug|x64
		Release|x64 = Release|x64
		MinSizeRel|x64 = MinSizeRel|x64
		RelWithDebInfo|x64 = RelWithDebInfo|x64
	EndGlobalSection
	GlobalSection(ProjectConfigurationPlatforms) = postSolution
		{19FC89E1-D2A9-3F47-B5B2-E484F08364D8}.Debug|x64.ActiveCfg = Debug|x64
		{19FC89E1-D2A9-3F47-B5B2-E484F08364D8}.Debug|x64.Build.0 = Debug|x64
		{19FC89E1-D2A9-3F47-B5B2-E484F08364D8}.Release|x64.ActiveCfg = Release|x64
		{19FC89E1-D2A9-3F47-B5B2-E484F08364D8}.Release|x64.Build.0 = Release|x64
		{19FC89E1-D2A9-3F47-B5B2-E484F08364D8}.MinSizeRel|x64.ActiveCfg = MinSizeRel|x64
		{19FC89E1-D2A9-3F47-B5B2-E484F08364D8}.MinSizeRel|x64.Build.0 = MinSizeRel|x64
		{19FC89E1-D2A9-3F47-B5B2-E484F08364D8}.RelWithDebInfo|x64.ActiveCfg = RelWithDebInfo|x64
		{19FC89E1-D2A9-3F47-B5B2-E484F08364D8}.RelWithDebInfo|x64.Build.0 = RelWithDebInfo|x64
		{550230C6-953B-3297-9271-080E7650A766}.Debug|x64.ActiveCfg = Debug|x64
		{550230C6-953B-3297-9271-080E7650A766}.Release|x64.ActiveCfg = Release|x64
		{550230C6-953B-3297-9271-080E7650A766}.MinSizeRel|x64.ActiveCfg = MinSizeRel|x64
		{550230C6-953B-3297-9271-080E7650A766}.RelWithDebInfo|x64.ActiveCfg = RelWithDebInfo|x64
		{70EC1840-D2CB-340C-8F50-BC6ACB81888B}.Debug|x64.ActiveCfg = Debug|x64
		{70EC1840-D2CB-340C-8F50-BC6ACB81888B}.Debug|x64.Build.0 = Debug|x64
		{70EC1840-D2CB-340C-8F50-BC6ACB81888B}.Release|x64.ActiveCfg = Release|x64
		{70EC1840-D2CB-340C-8F50-BC6ACB81888B}.Release|x64.Build.0 = Release|x64
		{70EC1840-D2CB-340C-8F50-BC6ACB81888B}.MinSizeRel|x64.ActiveCfg = MinSizeRel|x64
		{70EC1840-D2CB-340C-8F50-BC6ACB81888B}.MinSizeRel|x64.Build.0 = MinSizeRel|x64
		{70EC1840-D2CB-340C-8F50-BC6ACB81888B}.RelWithDebInfo|x64.ActiveCfg = RelWithDebInfo|x64
		{70EC1840-D2CB-340C-8F50-BC6ACB81888B}.RelWithDebInfo|x64.Build.0 = RelWithDebInfo|x64
		{AA58325F-2B32-3B09-A935-614D63BF1298}.Debug|x64.ActiveCfg = Debug|x64
		{AA58325F-2B32-3B09-A935-614D63BF1298}.Debug|x64.Build.0 = Debug|x64
		{AA58325F-2B32-3B09-A935-614D63BF1298}.Release|x64.ActiveCfg = Release|x64
		{AA58325F-2B32-3B09-A935-614D63BF1298}.Release|x64.Build.0 = Release|x64
		{AA58325F-2B32-3B09-A935-614D63BF1298}.MinSizeRel|x64.ActiveCfg = MinSizeRel|x64
		{AA58325F-2B32-3B09-A935-614D63BF1298}.MinSizeRel|x64.Build.0 = MinSizeRel|x64
		{AA58325F-2B32-3B09-A935-614D63BF1298}.RelWithDebInfo|x64.ActiveCfg = RelWithDebInfo|x64
		{AA58325F-2B32-3B09-A935-614D63BF1298}.RelWithDebInfo|x64.Build.0 = RelWithDebInfo|x64
		{D29292B2-00AB-3578-ADD4-7B15375119BE}.Debug|x64.ActiveCfg = Debug|x64
		{D29292B2-00AB-3578-ADD4-7B15375119BE}.Debug|x64.Build.0 = Debug|x64
		{D29292B2-00AB-3578-ADD4-7B15375119BE}.Release|x64.ActiveCfg = Release|x64
		{D29292B2-00AB-3578-ADD4-7B15375119BE}.Release|x64.Build.0 = Release|x64
		{D29292B2-00AB-3578-ADD4-7B15375119BE}.MinSizeRel|x64.ActiveCfg = MinSizeRel|x64
		{D29292B2-00AB-3578-ADD4-7B15375119BE}.MinSizeRel|x64.Build.0 = MinSizeRel|x64
		{D29292B2-00AB-3578-ADD4-7B15375119BE}.RelWithDebInfo|x64.ActiveCfg = RelWithDebInfo|x64
		{D29292B2-00AB-3578-ADD4-7B15375119BE}.RelWithDebInfo|x64.Build.0 = RelWithDebInfo|x64
		{83891FAE-C1C9-3EA9-BB80-49C8A82050E2}.Debug|x64.ActiveCfg = Debug|x64
		{83891FAE-C1C9-3EA9-BB80-49C8A82050E2}.Debug|x64.Build.0 = Debug|x64
		{83891FAE-C1C9-3EA9-BB80-49C8A82050E2}.Release|x64.ActiveCfg = Release|x64
		{83891FAE-C1C9-3EA9-BB80-49C8A82050E2}.Release|x64.Build.0 = Release|x64
		{83891FAE-C1C9-3EA9-BB80-49C8A82050E2}.MinSizeRel|x64.ActiveCfg = MinSizeRel|x64
		{83891FAE-C1C9-3EA9-BB80-49C8A82050E2}.MinSizeRel|x64.Build.0 = MinSizeRel|x64
		{83891FAE-C1C9-3EA9-BB80-49C8A82050E2}.RelWithDebInfo|x64.ActiveCfg = RelWithDebInfo|x64
		{83891FAE-C1C9-3EA9-BB80-49C8A82050E2}.RelWithDebInfo|x64.Build.0 = RelWithDebInfo|x64
		{D53E2094-C3A2-3EAE-81ED-108BDA777B4C}.Debug|x64.ActiveCfg = Debug|x64
		{D53E2094-C3A2-3EAE-81ED-108BDA777B4C}.Debug|x64.Build.0 = Debug|x64
		{D53E2094-C3A2-3EAE-81ED-108BDA777B4C}.Release|x64.ActiveCfg = Release|x64
		{D53E2094-C3A2-3EAE-81ED-108BDA777B4C}.Release|x64.Build.0 = Release|x64
		{D53E2094-C3A2-3EAE-81ED-108BDA777B4C}.MinSizeRel|x64.ActiveCfg = MinSizeRel|x64
		{D53E2094-C3A2-3EAE-81ED-108BDA777B4C}.MinSizeRel|x64.Build.0 = MinSizeRel|x64
		{D53E2094-C3A2-3EAE-81ED-108BDA777B4C}.RelWithDebInfo|x64.ActiveCfg = RelWithDebInfo|x64
		{D53E2094-C3A2-3EAE-81ED-108BDA777B4C}.RelWithDebInfo|x64.Build.0 = RelWithDebInfo|x64
		{DA41D03C-1AA3-3521-8E63-03E11055C04B}.Debug|x64.ActiveCfg = Debug|x64
		{DA41D03C-1AA3-3521-8E63-03E11055C04B}.Debug|x64.Build.0 = Debug|x64
		{DA41D03C-1AA3-3521-8E63-03E11055C04B}.Release|x64.ActiveCfg = Release|x64
		{DA41D03C-1AA3-3521-8E63-03E11055C04B}.Release|x64.Build.0 = Release|x64
		{DA41D03C-1AA3-3521-8E63-03E11055C04B}.MinSizeRel|x64.ActiveCfg = MinSizeRel|x64
		{DA41D03C-1AA3-3521-8E63-03E11055C04B}.MinSizeRel|x64.Build.0 = MinSizeRel|x64
		{DA41D03C-1AA3-3521-8E63-03E11055C04B}.RelWithDebInfo|x64.ActiveCfg = RelWithDebInfo|x64
		{DA41D03C-1AA3-3521-8E63-03E11055C04B}.RelWithDebInfo|x64.Build.0 = RelWithDebInfo|x64
		{E37690F9-B97E-33A1-98EB-55CB656DF179}.Debug|x64.ActiveCfg = Debug|x64
		{E37690F9-B97E-33A1-98EB-55CB656DF179}.Debug|x64.Build.0 = Debug|x64
		{E37690F9-B97E-33A1-98EB-55CB656DF179}.Release|x64.ActiveCfg = Release|x64
		{E37690F9-B97E-33A1-98EB-55CB656DF179}.Release|x64.Build.0 = Release|x64
		{E37690F9-B97E-33A1-98EB-55CB656DF179}.MinSizeRel|x64.ActiveCfg = MinSizeRel|x64
		{E37690F9-B97E-33A1-98EB-55CB656DF179}.MinSizeRel|x64.Build.0 = MinSizeRel|x64
		{E37690F9-B97E-33A1-98EB-55CB656DF179}.RelWithDebInfo|x64.ActiveCfg = RelWithDebInfo|x64
		{E37690F9-B97E-33A1-98EB-55CB656DF179}.RelWithDebInfo|x64.Build.0 = RelWithDebInfo|x64
		{2914ADF8-0A93-3B3E-8972-901A83A63DA8}.Debug|x64.ActiveCfg = Debug|x64
		{2914ADF8-0A93-3B3E-8972-901A83A63DA8}.Debug|x64.Build.0 = Debug|x64
		{2914ADF8-0A93-3B3E-8972-901A83A63DA8}.Release|x64.ActiveCfg = Release|x64
		{2914ADF8-0A93-3B3E-8972-901A83A63DA8}.Release|x64.Build.0 = Release|x64
		{2914ADF8-0A93-3B3E-8972-901A83A63DA8}.MinSizeRel|x64.ActiveCfg = MinSizeRel|x64
		{2914ADF8-0A93-3B3E-8972-901A83A63DA8}.MinSizeRel|x64.Build.0 = MinSizeRel|x64
		{2914ADF8-0A93-3B3E-8972-901A83A63DA8}.RelWithDebInfo|x64.ActiveCfg = RelWithDebInfo|x64
		{2914ADF8-0A93-3B3E-8972-901A83A63DA8}.RelWithDebInfo|x64.Build.0 = RelWithDebInfo|x64
		{0D41CB02-899C-3C6F-B9E5-229C593D0D5D}.Debug|x64.ActiveCfg = Debug|x64
		{0D41CB02-899C-3C6F-B9E5-229C593D0D5D}.Debug|x64.Build.0 = Debug|x64
		{0D41CB02-899C-3C6F-B9E5-229C593D0D5D}.Release|x64.ActiveCfg = Release|x64
		{0D41CB02-899C-3C6F-B9E5-229C593D0D5D}.Release|x64.Build.0 = Release|x64
		{0D41CB02-899C-3C6F-B9E5-229C593D0D5D}.MinSizeRel|x64.ActiveCfg = MinSizeRel|x64
		{0D41CB02-899C-3C6F-B9E5-229C593D0D5D}.MinSizeRel|x64.Build.0 = MinSizeRel|x64
		{0D41CB02-899C-3C6F-B9E5-229C593D0D5D}.RelWithDebInfo|x64.ActiveCfg = RelWithDebInfo|x64
		{0D41CB02-899C-3C6F-B9E5-229C593D0D5D}.RelWithDebInfo|x64.Build.0 = RelWithDebInfo|x64
		{C370D36C-0B13-331E-A98C-0545FAF78843}.Debug|x64.ActiveCfg = Debug|x64
		{C370D36C-0B13-331E-A98C-0545FAF78843}.Debug|x64.Build.0 = Debug|x64
		{C370D36C-0B13-331E-A98C-0545FAF78843}.Release|x64.ActiveCfg = Release|x64
		{C370D36C-0B13-331E-A98C-0545FAF78843}.Release|x64.Build.0 = Release|x64
		{C370D36C-0B13-331E-A98C-0545FAF78843}.MinSizeRel|x64.ActiveCfg = MinSizeRel|x64
		{C370D36C-0B13-331E-A98C-0545FAF78843}.MinSizeRel|x64.Build.0 = MinSizeRel|x64
		{C370D36C-0B13-331E-A98C-0545FAF78843}.RelWithDebInfo|x64.ActiveCfg = RelWithDebInfo|x64
		{C370D36C-0B13-331E-A98C-0545FAF78843}.RelWithDebInfo|x64.Build.0 = RelWithDebInfo|x64
		{40651DB7-42EF-360D-B6C5-9548748A177A}.Debug|x64.ActiveCfg = Debug|x64
		{40651DB7-42EF-360D-B6C5-9548748A177A}.Debug|x64.Build.0 = Debug|x64
		{40651DB7-42EF-360D-B6C5-9548748A177A}.Release|x64.ActiveCfg = Release|x64
		{40651DB7-42EF-360D-B6C5-9548748A177A}.Release|x64.Build.0 = Release|x64
		{40651DB7-42EF-360D-B6C5-9548748A177A}.MinSizeRel|x64.ActiveCfg = MinSizeRel|x64
		{40651DB7-42EF-360D-B6C5-9548748A177A}.MinSizeRel|x64.Build.0 = MinSizeRel|x64
		{40651DB7-42EF-360D-B6C5-9548748A177A}.RelWithDebInfo|x64.ActiveCfg = RelWithDebInfo|x64
		{40651DB7-42EF-360D-B6C5-9548748A177A}.RelWithDebInfo|x64.Build.0 = RelWithDebInfo|x64
	EndGlobalSection
	GlobalSection(NestedProjects) = preSolution
		{19FC89E1-D2A9-3F47-B5B2-E484F08364D8} = {0D394163-23E9-3D8E-B419-9793A28EC60F}
		{550230C6-953B-3297-9271-080E7650A766} = {0D394163-23E9-3D8E-B419-9793A28EC60F}
		{C370D36C-0B13-331E-A98C-0545FAF78843} = {0D394163-23E9-3D8E-B419-9793A28EC60F}
		{40651DB7-42EF-360D-B6C5-9548748A177A} = {E6599E5B-F3F7-3656-A022-A04A47CA1C42}
	EndGlobalSection
	GlobalSection(ExtensibilityGlobals) = postSolution
		SolutionGuid = {56B0A048-0850-387E-80E9-0AB71F6BD10F}
	EndGlobalSection
	GlobalSection(ExtensibilityAddIns) = postSolution
	EndGlobalSection
EndGlobal
