<?xml version="1.0" encoding="utf-8"?>
<Project ToolsVersion="4.0" xmlns="http://schemas.microsoft.com/developer/msbuild/2003">
  <ItemGroup>
    <Filter Include="ChisatoCore">
      <UniqueIdentifier>{79DAFBA0-E58F-7496-6E84-6E6DDA386B9A}</UniqueIdentifier>
    </Filter>
    <Filter Include="ChisatoCore\Events">
      <UniqueIdentifier>{3DE475DE-29C8-3634-9228-31877E2B21B6}</UniqueIdentifier>
    </Filter>
    <Filter Include="ChisatoCore\NewEvent">
      <UniqueIdentifier>{14354AAC-00C4-D375-A9E2-E7709550E41B}</UniqueIdentifier>
    </Filter>
  </ItemGroup>
  <ItemGroup>
    <ClInclude Include="src\Chisato.h" />
    <ClInclude Include="src\ChisatoCore\App.h">
      <Filter>ChisatoCore</Filter>
    </ClInclude>
    <ClInclude Include="src\ChisatoCore\Core.h">
      <Filter>ChisatoCore</Filter>
    </ClInclude>
    <ClInclude Include="src\ChisatoCore\Events\AppEvent.h">
      <Filter>ChisatoCore\Events</Filter>
    </ClInclude>
    <ClInclude Include="src\ChisatoCore\Events\Event.h">
      <Filter>ChisatoCore\Events</Filter>
    </ClInclude>
    <ClInclude Include="src\ChisatoCore\Events\EventCore.h">
      <Filter>ChisatoCore\Events</Filter>
    </ClInclude>
    <ClInclude Include="src\ChisatoCore\Events\KeyEvent.h">
      <Filter>ChisatoCore\Events</Filter>
    </ClInclude>
    <ClInclude Include="src\ChisatoCore\Events\MouseEvent.h">
      <Filter>ChisatoCore\Events</Filter>
    </ClInclude>
    <ClInclude Include="src\ChisatoCore\Log.h">
      <Filter>ChisatoCore</Filter>
    </ClInclude>
    <ClInclude Include="src\ChisatoCore\Main.h">
      <Filter>ChisatoCore</Filter>
    </ClInclude>
    <ClInclude Include="src\ChisatoCore\NewEvent\Action.h">
      <Filter>ChisatoCore\NewEvent</Filter>
    </ClInclude>
    <ClInclude Include="src\ChisatoCore\NewEvent\Controlable.h">
      <Filter>ChisatoCore\NewEvent</Filter>
    </ClInclude>
    <ClInclude Include="src\ChisatoCore\NewEvent\Event.h">
      <Filter>ChisatoCore\NewEvent</Filter>
    </ClInclude>
    <ClInclude Include="src\ChisatoCore\NewEvent\Input.h">
      <Filter>ChisatoCore\NewEvent</Filter>
    </ClInclude>
    <ClInclude Include="src\ChisatoCore\Object.h">
      <Filter>ChisatoCore</Filter>
    </ClInclude>
    <ClInclude Include="src\pch.h" />
  </ItemGroup>
  <ItemGroup>
    <ClCompile Include="src\ChisatoCore\App.cpp">
      <Filter>ChisatoCore</Filter>
    </ClCompile>
    <ClCompile Include="src\ChisatoCore\Events\AppEvent.cpp">
      <Filter>ChisatoCore\Events</Filter>
    </ClCompile>
    <ClCompile Include="src\ChisatoCore\Events\KeyEvent.cpp">
      <Filter>ChisatoCore\Events</Filter>
    </ClCompile>
    <ClCompile Include="src\ChisatoCore\Events\MouseEvent.cpp">
      <Filter>ChisatoCore\Events</Filter>
    </ClCompile>
    <ClCompile Include="src\ChisatoCore\Log.cpp">
      <Filter>ChisatoCore</Filter>
    </ClCompile>
    <ClCompile Include="src\ChisatoCore\Object.cpp">
      <Filter>ChisatoCore</Filter>
    </ClCompile>
    <ClCompile Include="src\pch.cpp" />
  </ItemGroup>
</Project>