<?xml version="1.0" encoding="utf-8"?>
<Project ToolsVersion="4.0" xmlns="http://schemas.microsoft.com/developer/msbuild/2003">
  <ItemGroup>
    <Filter Include="ChisatoCore">
      <UniqueIdentifier>{79DAFBA0-E58F-7496-6E84-6E6DDA386B9A}</UniqueIdentifier>
    </Filter>
  </ItemGroup>
  <ItemGroup>
    <ClInclude Include="src\Chisato.h" />
    <ClInclude Include="src\ChisatoCore\App.h">
      <Filter>ChisatoCore</Filter>
    </ClInclude>
    <ClInclude Include="src\ChisatoCore\Core.h">
      <Filter>ChisatoCore</Filter>
    </ClInclude>
    <ClInclude Include="src\ChisatoCore\Log.h">
      <Filter>ChisatoCore</Filter>
    </ClInclude>
    <ClInclude Include="src\ChisatoCore\Main.h">
      <Filter>ChisatoCore</Filter>
    </ClInclude>
  </ItemGroup>
  <ItemGroup>
    <ClCompile Include="src\ChisatoCore\App.cpp">
      <Filter>ChisatoCore</Filter>
    </ClCompile>
    <ClCompile Include="src\ChisatoCore\Log.cpp">
      <Filter>ChisatoCore</Filter>
    </ClCompile>
  </ItemGroup>
</Project>